// !$*UTF8*$!
{
	archiveVersion = 1;
	classes = {
	};
	objectVersion = 46;
	objects = {

/* Begin PBXBuildFile section */
		9910D7CE1E34A8560096C30D /* AppDelegate.swift in Sources */ = {isa = PBXBuildFile; fileRef = 9910D7CD1E34A8560096C30D /* AppDelegate.swift */; };
		9910D7D01E34A8560096C30D /* ViewController.swift in Sources */ = {isa = PBXBuildFile; fileRef = 9910D7CF1E34A8560096C30D /* ViewController.swift */; };
		9910D7D31E34A8560096C30D /* Main.storyboard in Resources */ = {isa = PBXBuildFile; fileRef = 9910D7D11E34A8560096C30D /* Main.storyboard */; };
		9910D7D61E34A8560096C30D /* Ps4Collector.xcdatamodeld in Sources */ = {isa = PBXBuildFile; fileRef = 9910D7D41E34A8560096C30D /* Ps4Collector.xcdatamodeld */; };
		9910D7D81E34A8560096C30D /* Assets.xcassets in Resources */ = {isa = PBXBuildFile; fileRef = 9910D7D71E34A8560096C30D /* Assets.xcassets */; };
		9910D7DB1E34A8560096C30D /* LaunchScreen.storyboard in Resources */ = {isa = PBXBuildFile; fileRef = 9910D7D91E34A8560096C30D /* LaunchScreen.storyboard */; };
/* End PBXBuildFile section */

/* Begin PBXFileReference section */
		9910D7CA1E34A8560096C30D /* Ps4Collector.app */ = {isa = PBXFileReference; explicitFileType = wrapper.application; includeInIndex = 0; path = Ps4Collector.app; sourceTree = BUILT_PRODUCTS_DIR; };
		9910D7CD1E34A8560096C30D /* AppDelegate.swift */ = {isa = PBXFileReference; lastKnownFileType = sourcecode.swift; path = AppDelegate.swift; sourceTree = "<group>"; };
		9910D7CF1E34A8560096C30D /* ViewController.swift */ = {isa = PBXFileReference; lastKnownFileType = sourcecode.swift; path = ViewController.swift; sourceTree = "<group>"; };
		9910D7D21E34A8560096C30D /* Base */ = {isa = PBXFileReference; lastKnownFileType = file.storyboard; name = Base; path = Base.lproj/Main.storyboard; sourceTree = "<group>"; };
		9910D7D51E34A8560096C30D /* Ps4Collector.xcdatamodel */ = {isa = PBXFileReference; lastKnownFileType = wrapper.xcdatamodel; path = Ps4Collector.xcdatamodel; sourceTree = "<group>"; };
		9910D7D71E34A8560096C30D /* Assets.xcassets */ = {isa = PBXFileReference; lastKnownFileType = folder.assetcatalog; path = Assets.xcassets; sourceTree = "<group>"; };
		9910D7DA1E34A8560096C30D /* Base */ = {isa = PBXFileReference; lastKnownFileType = file.storyboard; name = Base; path = Base.lproj/LaunchScreen.storyboard; sourceTree = "<group>"; };
		9910D7DC1E34A8560096C30D /* Info.plist */ = {isa = PBXFileReference; lastKnownFileType = text.plist.xml; path = Info.plist; sourceTree = "<group>"; };
/* End PBXFileReference section */

/* Begin PBXFrameworksBuildPhase section */
		9910D7C71E34A8560096C30D /* Frameworks */ = {
			isa = PBXFrameworksBuildPhase;
			buildActionMask = 2147483647;
			files = (
			);
			runOnlyForDeploymentPostprocessing = 0;
		};
/* End PBXFrameworksBuildPhase section */

/* Begin PBXGroup section */
		9910D7C11E34A8560096C30D = {
			isa = PBXGroup;
			children = (
				9910D7CC1E34A8560096C30D /* Ps4Collector */,
				9910D7CB1E34A8560096C30D /* Products */,
			);
			sourceTree = "<group>";
		};
		9910D7CB1E34A8560096C30D /* Products */ = {
			isa = PBXGroup;
			children = (
				9910D7CA1E34A8560096C30D /* Ps4Collector.app */,
			);
			name = Products;
			sourceTree = "<group>";
		};
		9910D7CC1E34A8560096C30D /* Ps4Collector */ = {
			isa = PBXGroup;
			children = (
				9910D7CD1E34A8560096C30D /* AppDelegate.swift */,
				9910D7CF1E34A8560096C30D /* ViewController.swift */,
				9910D7D11E34A8560096C30D /* Main.storyboard */,
				9910D7D71E34A8560096C30D /* Assets.xcassets */,
				9910D7D91E34A8560096C30D /* LaunchScreen.storyboard */,
				9910D7DC1E34A8560096C30D /* Info.plist */,
				9910D7D41E34A8560096C30D /* Ps4Collector.xcdatamodeld */,
			);
			path = Ps4Collector;
			sourceTree = "<group>";
		};
/* End PBXGroup section */

/* Begin PBXNativeTarget section */
		9910D7C91E34A8560096C30D /* Ps4Collector */ = {
			isa = PBXNativeTarget;
			buildConfigurationList = 9910D7DF1E34A8560096C30D /* Build configuration list for PBXNativeTarget "Ps4Collector" */;
			buildPhases = (
				9910D7C61E34A8560096C30D /* Sources */,
				9910D7C71E34A8560096C30D /* Frameworks */,
				9910D7C81E34A8560096C30D /* Resources */,
			);
			buildRules = (
			);
			dependencies = (
			);
			name = Ps4Collector;
			productName = Ps4Collector;
			productReference = 9910D7CA1E34A8560096C30D /* Ps4Collector.app */;
			productType = "com.apple.product-type.application";
		};
/* End PBXNativeTarget section */

/* Begin PBXProject section */
		9910D7C21E34A8560096C30D /* Project object */ = {
			isa = PBXProject;
			attributes = {
				LastSwiftUpdateCheck = 0820;
				LastUpgradeCheck = 0820;
				ORGANIZATIONNAME = "ziad adra";
				TargetAttributes = {
					9910D7C91E34A8560096C30D = {
						CreatedOnToolsVersion = 8.2;
						ProvisioningStyle = Automatic;
					};
				};
			};
			buildConfigurationList = 9910D7C51E34A8560096C30D /* Build configuration list for PBXProject "Ps4Collector" */;
			compatibilityVersion = "Xcode 3.2";
			developmentRegion = English;
			hasScannedForEncodings = 0;
			knownRegions = (
				en,
				Base,
			);
			mainGroup = 9910D7C11E34A8560096C30D;
			productRefGroup = 9910D7CB1E34A8560096C30D /* Products */;
			projectDirPath = "";
			projectRoot = "";
			targets = (
				9910D7C91E34A8560096C30D /* Ps4Collector */,
			);
		};
/* End PBXProject section */

/* Begin PBXResourcesBuildPhase section */
		9910D7C81E34A8560096C30D /* Resources */ = {
			isa = PBXResourcesBuildPhase;
			buildActionMask = 2147483647;
			files = (
				9910D7DB1E34A8560096C30D /* LaunchScreen.storyboard in Resources */,
				9910D7D81E34A8560096C30D /* Assets.xcassets in Resources */,
				9910D7D31E34A8560096C30D /* Main.storyboard in Resources */,
			);
			runOnlyForDeploymentPostprocessing = 0;
		};
/* End PBXResourcesBuildPhase section */

/* Begin PBXSourcesBuildPhase section */
		9910D7C61E34A8560096C30D /* Sources */ = {
			isa = PBXSourcesBuildPhase;
			buildActionMask = 2147483647;
			files = (
				9910D7D61E34A8560096C30D /* Ps4Collector.xcdatamodeld in Sources */,
				9910D7D01E34A8560096C30D /* ViewController.swift in Sources */,
				9910D7CE1E34A8560096C30D /* AppDelegate.swift in Sources */,
			);
			runOnlyForDeploymentPostprocessing = 0;
		};
/* End PBXSourcesBuildPhase section */

/* Begin PBXVariantGroup section */
		9910D7D11E34A8560096C30D /* Main.storyboard */ = {
			isa = PBXVariantGroup;
			children = (
				9910D7D21E34A8560096C30D /* Base */,
			);
			name = Main.storyboard;
			sourceTree = "<group>";
		};
		9910D7D91E34A8560096C30D /* LaunchScreen.storyboard */ = {
			isa = PBXVariantGroup;
			children = (
				9910D7DA1E34A8560096C30D /* Base */,
			);
			name = LaunchScreen.storyboard;
			sourceTree = "<group>";
		};
/* End PBXVariantGroup section */

/* Begin XCBuildConfiguration section */
		9910D7DD1E34A8560096C30D /* Debug */ = {
			isa = XCBuildConfiguration;
			buildSettings = {
				ALWAYS_SEARCH_USER_PATHS = NO;
				CLANG_ANALYZER_NONNULL = YES;
				CLANG_CXX_LANGUAGE_STANDARD = "gnu++0x";
				CLANG_CXX_LIBRARY = "libc++";
				CLANG_ENABLE_MODULES = YES;
				CLANG_ENABLE_OBJC_ARC = YES;
				CLANG_WARN_BOOL_CONVERSION = YES;
				CLANG_WARN_CONSTANT_CONVERSION = YES;
				CLANG_WARN_DIRECT_OBJC_ISA_USAGE = YES_ERROR;
				CLANG_WARN_DOCUMENTATION_COMMENTS = YES;
				CLANG_WARN_EMPTY_BODY = YES;
				CLANG_WARN_ENUM_CONVERSION = YES;
				CLANG_WARN_INFINITE_RECURSION = YES;
				CLANG_WARN_INT_CONVERSION = YES;
				CLANG_WARN_OBJC_ROOT_CLASS = YES_ERROR;
				CLANG_WARN_SUSPICIOUS_MOVE = YES;
				CLANG_WARN_UNREACHABLE_CODE = YES;
				CLANG_WARN__DUPLICATE_METHOD_MATCH = YES;
				"CODE_SIGN_IDENTITY[sdk=iphoneos*]" = "iPhone Developer";
				COPY_PHASE_STRIP = NO;
				DEBUG_INFORMATION_FORMAT = dwarf;
				ENABLE_STRICT_OBJC_MSGSEND = YES;
				ENABLE_TESTABILITY = YES;
				GCC_C_LANGUAGE_STANDARD = gnu99;
				GCC_DYNAMIC_NO_PIC = NO;
				GCC_NO_COMMON_BLOCKS = YES;
				GCC_OPTIMIZATION_LEVEL = 0;
				GCC_PREPROCESSOR_DEFINITIONS = (
					"DEBUG=1",
					"$(inherited)",
				);
				GCC_WARN_64_TO_32_BIT_CONVERSION = YES;
				GCC_WARN_ABOUT_RETURN_TYPE = YES_ERROR;
				GCC_WARN_UNDECLARED_SELECTOR = YES;
				GCC_WARN_UNINITIALIZED_AUTOS = YES_AGGRESSIVE;
				GCC_WARN_UNUSED_FUNCTION = YES;
				GCC_WARN_UNUSED_VARIABLE = YES;
				IPHONEOS_DEPLOYMENT_TARGET = 10.2;
				MTL_ENABLE_DEBUG_INFO = YES;
				ONLY_ACTIVE_ARCH = YES;
				SDKROOT = iphoneos;
				SWIFT_ACTIVE_COMPILATION_CONDITIONS = DEBUG;
				SWIFT_OPTIMIZATION_LEVEL = "-Onone";
				TARGETED_DEVICE_FAMILY = "1,2";
			};
			name = Debug;
		};
		9910D7DE1E34A8560096C30D /* Release */ = {
			isa = XCBuildConfiguration;
			buildSettings = {
				ALWAYS_SEARCH_USER_PATHS = NO;
				CLANG_ANALYZER_NONNULL = YES;
				CLANG_CXX_LANGUAGE_STANDARD = "gnu++0x";
				CLANG_CXX_LIBRARY = "libc++";
				CLANG_ENABLE_MODULES = YES;
				CLANG_ENABLE_OBJC_ARC = YES;
				CLANG_WARN_BOOL_CONVERSION = YES;
				CLANG_WARN_CONSTANT_CONVERSION = YES;
				CLANG_WARN_DIRECT_OBJC_ISA_USAGE = YES_ERROR;
				CLANG_WARN_DOCUMENTATION_COMMENTS = YES;
				CLANG_WARN_EMPTY_BODY = YES;
				CLANG_WARN_ENUM_CONVERSION = YES;
				CLANG_WARN_INFINITE_RECURSION = YES;
				CLANG_WARN_INT_CONVERSION = YES;
				CLANG_WARN_OBJC_ROOT_CLASS = YES_ERROR;
				CLANG_WARN_SUSPICIOUS_MOVE = YES;
				CLANG_WARN_UNREACHABLE_CODE = YES;
				CLANG_WARN__DUPLICATE_METHOD_MATCH = YES;
				"CODE_SIGN_IDENTITY[sdk=iphoneos*]" = "iPhone Developer";
				COPY_PHASE_STRIP = NO;
				DEBUG_INFORMATION_FORMAT = "dwarf-with-dsym";
				ENABLE_NS_ASSERTIONS = NO;
				ENABLE_STRICT_OBJC_MSGSEND = YES;
				GCC_C_LANGUAGE_STANDARD = gnu99;
				GCC_NO_COMMON_BLOCKS = YES;
				GCC_WARN_64_TO_32_BIT_CONVERSION = YES;
				GCC_WARN_ABOUT_RETURN_TYPE = YES_ERROR;
				GCC_WARN_UNDECLARED_SELECTOR = YES;
				GCC_WARN_UNINITIALIZED_AUTOS = YES_AGGRESSIVE;
				GCC_WARN_UNUSED_FUNCTION = YES;
				GCC_WARN_UNUSED_VARIABLE = YES;
				IPHONEOS_DEPLOYMENT_TARGET = 10.2;
				MTL_ENABLE_DEBUG_INFO = NO;
				SDKROOT = iphoneos;
				SWIFT_OPTIMIZATION_LEVEL = "-Owholemodule";
				TARGETED_DEVICE_FAMILY = "1,2";
				VALIDATE_PRODUCT = YES;
			};
			name = Release;
		};
		9910D7E01E34A8560096C30D /* Debug */ = {
			isa = XCBuildConfiguration;
			buildSettings = {
				ASSETCATALOG_COMPILER_APPICON_NAME = AppIcon;
				INFOPLIST_FILE = Ps4Collector/Info.plist;
				LD_RUNPATH_SEARCH_PATHS = "$(inherited) @executable_path/Frameworks";
				PRODUCT_BUNDLE_IDENTIFIER = adratech.Ps4Collector;
				PRODUCT_NAME = "$(TARGET_NAME)";
				SWIFT_VERSION = 3.0;
			};
			name = Debug;
		};
		9910D7E11E34A8560096C30D /* Release */ = {
			isa = XCBuildConfiguration;
			buildSettings = {
				ASSETCATALOG_COMPILER_APPICON_NAME = AppIcon;
				INFOPLIST_FILE = Ps4Collector/Info.plist;
				LD_RUNPATH_SEARCH_PATHS = "$(inherited) @executable_path/Frameworks";
				PRODUCT_BUNDLE_IDENTIFIER = adratech.Ps4Collector;
				PRODUCT_NAME = "$(TARGET_NAME)";
				SWIFT_VERSION = 3.0;
			};
			name = Release;
		};
/* End XCBuildConfiguration section */

/* Begin XCConfigurationList section */
		9910D7C51E34A8560096C30D /* Build configuration list for PBXProject "Ps4Collector" */ = {
			isa = XCConfigurationList;
			buildConfigurations = (
				9910D7DD1E34A8560096C30D /* Debug */,
				9910D7DE1E34A8560096C30D /* Release */,
			);
			defaultConfigurationIsVisible = 0;
			defaultConfigurationName = Release;
		};
		9910D7DF1E34A8560096C30D /* Build configuration list for PBXNativeTarget "Ps4Collector" */ = {
			isa = XCConfigurationList;
			buildConfigurations = (
				9910D7E01E34A8560096C30D /* Debug */,
				9910D7E11E34A8560096C30D /* Release */,
			);
			defaultConfigurationIsVisible = 0;
		};
/* End XCConfigurationList section */

/* Begin XCVersionGroup section */
		9910D7D41E34A8560096C30D /* Ps4Collector.xcdatamodeld */ = {
			isa = XCVersionGroup;
			children = (
				9910D7D51E34A8560096C30D /* Ps4Collector.xcdatamodel */,
			);
			currentVersion = 9910D7D51E34A8560096C30D /* Ps4Collector.xcdatamodel */;
			path = Ps4Collector.xcdatamodeld;
			sourceTree = "<group>";
			versionGroupType = wrapper.xcdatamodel;
		};
/* End XCVersionGroup section */
	};
	rootObject = 9910D7C21E34A8560096C30D /* Project object */;
}
